
Microsoft Visual Studio Solution File, Format Version 12.00
# Visual Studio 15
VisualStudioVersion = 15.0.26124.0
MinimumVisualStudioVersion = 15.0.26124.0
Project("{FAE04EC0-301F-11D3-BF4B-00C04F79EFBC}") = "API", "API\API.csproj", "{0DA61D31-E2C5-4F17-996A-47011906A2F7}"
EndProject
Project("{FAE04EC0-301F-11D3-BF4B-00C04F79EFBC}") = "Core", "Core\Core.csproj", "{DAE1776F-CF6F-44DD-A67F-743A79CE8C9D}"
EndProject
Project("{FAE04EC0-301F-11D3-BF4B-00C04F79EFBC}") = "Infrastructure", "Infrastructure\Infrastructure.csproj", "{829D42C8-D38D-4B9D-98DE-40E527CFFC6F}"
EndProject
Global
	GlobalSection(SolutionConfigurationPlatforms) = preSolution
		Debug|Any CPU = Debug|Any CPU
		Debug|x64 = Debug|x64
		Debug|x86 = Debug|x86
		Release|Any CPU = Release|Any CPU
		Release|x64 = Release|x64
		Release|x86 = Release|x86
	EndGlobalSection
	GlobalSection(SolutionProperties) = preSolution
		HideSolutionNode = FALSE
	EndGlobalSection
	GlobalSection(ProjectConfigurationPlatforms) = postSolution
		{0DA61D31-E2C5-4F17-996A-47011906A2F7}.Debug|Any CPU.ActiveCfg = Debug|Any CPU
		{0DA61D31-E2C5-4F17-996A-47011906A2F7}.Debug|Any CPU.Build.0 = Debug|Any CPU
		{0DA61D31-E2C5-4F17-996A-47011906A2F7}.Debug|x64.ActiveCfg = Debug|Any CPU
		{0DA61D31-E2C5-4F17-996A-47011906A2F7}.Debug|x64.Build.0 = Debug|Any CPU
		{0DA61D31-E2C5-4F17-996A-47011906A2F7}.Debug|x86.ActiveCfg = Debug|Any CPU
		{0DA61D31-E2C5-4F17-996A-47011906A2F7}.Debug|x86.Build.0 = Debug|Any CPU
		{0DA61D31-E2C5-4F17-996A-47011906A2F7}.Release|Any CPU.ActiveCfg = Release|Any CPU
		{0DA61D31-E2C5-4F17-996A-47011906A2F7}.Release|Any CPU.Build.0 = Release|Any CPU
		{0DA61D31-E2C5-4F17-996A-47011906A2F7}.Release|x64.ActiveCfg = Release|Any CPU
		{0DA61D31-E2C5-4F17-996A-47011906A2F7}.Release|x64.Build.0 = Release|Any CPU
		{0DA61D31-E2C5-4F17-996A-47011906A2F7}.Release|x86.ActiveCfg = Release|Any CPU
		{0DA61D31-E2C5-4F17-996A-47011906A2F7}.Release|x86.Build.0 = Release|Any CPU
		{DAE1776F-CF6F-44DD-A67F-743A79CE8C9D}.Debug|Any CPU.ActiveCfg = Debug|Any CPU
		{DAE1776F-CF6F-44DD-A67F-743A79CE8C9D}.Debug|Any CPU.Build.0 = Debug|Any CPU
		{DAE1776F-CF6F-44DD-A67F-743A79CE8C9D}.Debug|x64.ActiveCfg = Debug|Any CPU
		{DAE1776F-CF6F-44DD-A67F-743A79CE8C9D}.Debug|x64.Build.0 = Debug|Any CPU
		{DAE1776F-CF6F-44DD-A67F-743A79CE8C9D}.Debug|x86.ActiveCfg = Debug|Any CPU
		{DAE1776F-CF6F-44DD-A67F-743A79CE8C9D}.Debug|x86.Build.0 = Debug|Any CPU
		{DAE1776F-CF6F-44DD-A67F-743A79CE8C9D}.Release|Any CPU.ActiveCfg = Release|Any CPU
		{DAE1776F-CF6F-44DD-A67F-743A79CE8C9D}.Release|Any CPU.Build.0 = Release|Any CPU
		{DAE1776F-CF6F-44DD-A67F-743A79CE8C9D}.Release|x64.ActiveCfg = Release|Any CPU
		{DAE1776F-CF6F-44DD-A67F-743A79CE8C9D}.Release|x64.Build.0 = Release|Any CPU
		{DAE1776F-CF6F-44DD-A67F-743A79CE8C9D}.Release|x86.ActiveCfg = Release|Any CPU
		{DAE1776F-CF6F-44DD-A67F-743A79CE8C9D}.Release|x86.Build.0 = Release|Any CPU
		{829D42C8-D38D-4B9D-98DE-40E527CFFC6F}.Debug|Any CPU.ActiveCfg = Debug|Any CPU
		{829D42C8-D38D-4B9D-98DE-40E527CFFC6F}.Debug|Any CPU.Build.0 = Debug|Any CPU
		{829D42C8-D38D-4B9D-98DE-40E527CFFC6F}.Debug|x64.ActiveCfg = Debug|Any CPU
		{829D42C8-D38D-4B9D-98DE-40E527CFFC6F}.Debug|x64.Build.0 = Debug|Any CPU
		{829D42C8-D38D-4B9D-98DE-40E527CFFC6F}.Debug|x86.ActiveCfg = Debug|Any CPU
		{829D42C8-D38D-4B9D-98DE-40E527CFFC6F}.Debug|x86.Build.0 = Debug|Any CPU
		{829D42C8-D38D-4B9D-98DE-40E527CFFC6F}.Release|Any CPU.ActiveCfg = Release|Any CPU
		{829D42C8-D38D-4B9D-98DE-40E527CFFC6F}.Release|Any CPU.Build.0 = Release|Any CPU
		{829D42C8-D38D-4B9D-98DE-40E527CFFC6F}.Release|x64.ActiveCfg = Release|Any CPU
		{829D42C8-D38D-4B9D-98DE-40E527CFFC6F}.Release|x64.Build.0 = Release|Any CPU
		{829D42C8-D38D-4B9D-98DE-40E527CFFC6F}.Release|x86.ActiveCfg = Release|Any CPU
		{829D42C8-D38D-4B9D-98DE-40E527CFFC6F}.Release|x86.Build.0 = Release|Any CPU
	EndGlobalSection
EndGlobal
